
Microsoft Visual Studio Solution File, Format Version 12.00
Project("{FAE04EC0-301F-11D3-BF4B-00C04F79EFBC}") = "Test1", "Test1\Test1.csproj", "{BABD2DC3-D9A2-449D-9C32-6147494BE1AD}"
EndProject
Project("{FAE04EC0-301F-11D3-BF4B-00C04F79EFBC}") = "Test2a", "Test2a\Test2a.csproj", "{2B56D319-5597-4FDC-8D6E-5EDD0DE9D39D}"
EndProject
Project("{FAE04EC0-301F-11D3-BF4B-00C04F79EFBC}") = "Test2b", "Test2b\Test2b.csproj", "{1EBE2D8D-4868-4F1A-822F-25E8713C0CBE}"
EndProject
Project("{FAE04EC0-301F-11D3-BF4B-00C04F79EFBC}") = "Test2c", "Test2c\Test2c.csproj", "{5EBD363B-B1DE-4C39-A315-D0050A1CE9FF}"
EndProject
Project("{FAE04EC0-301F-11D3-BF4B-00C04F79EFBC}") = "Test5", "Test5\Test5.csproj", "{1AB55E2A-09A0-40DC-AE78-98C256943A18}"
EndProject
Project("{FAE04EC0-301F-11D3-BF4B-00C04F79EFBC}") = "Test6", "Test6\Test6.csproj", "{619E01D3-28C5-4791-B787-F4CB18ADEE25}"
EndProject
Project("{FAE04EC0-301F-11D3-BF4B-00C04F79EFBC}") = "Test7", "Test7\Test7.csproj", "{028A45C0-66E5-4491-9DE0-1886A31E45AF}"
EndProject
Project("{FAE04EC0-301F-11D3-BF4B-00C04F79EFBC}") = "Test4", "Test4\Test4.csproj", "{F69B2745-CF62-4B88-A601-29B92E832341}"
EndProject
Project("{FAE04EC0-301F-11D3-BF4B-00C04F79EFBC}") = "Test3", "Test3\Test3.csproj", "{B922C857-6598-4AD5-BF36-5C4F643A917A}"
EndProject
Project("{FAE04EC0-301F-11D3-BF4B-00C04F79EFBC}") = "Test8", "Test8\Test8.csproj", "{9BB4FD90-C3CB-4131-B8AC-884CBAD7BDFA}"
EndProject
Project("{FAE04EC0-301F-11D3-BF4B-00C04F79EFBC}") = "Testt10", "Testt10\Testt10.csproj", "{F98319E3-BB56-481B-A588-5F2B8475DFD7}"
EndProject
Project("{FAE04EC0-301F-11D3-BF4B-00C04F79EFBC}") = "Testt11", "Testt11\Testt11.csproj", "{ED4F8427-B93D-4D21-A97D-64FB0FC68C69}"
EndProject
Project("{FAE04EC0-301F-11D3-BF4B-00C04F79EFBC}") = "Testt12", "Testt12\Testt12.csproj", "{FEFA14AC-00AF-47B5-8CF7-23FEDE005ABB}"
EndProject
Project("{FAE04EC0-301F-11D3-BF4B-00C04F79EFBC}") = "Testt13", "Testt13\Testt13.csproj", "{CE93F703-E9D8-4760-805E-DBE404AC2F9C}"
EndProject
Project("{FAE04EC0-301F-11D3-BF4B-00C04F79EFBC}") = "Test9", "Test9\Test9.csproj", "{30AC020F-C280-4ED2-9396-4BD22269AEB3}"
EndProject
Global
	GlobalSection(SolutionConfigurationPlatforms) = preSolution
		Debug|Any CPU = Debug|Any CPU
		Release|Any CPU = Release|Any CPU
	EndGlobalSection
	GlobalSection(ProjectConfigurationPlatforms) = postSolution
		{BABD2DC3-D9A2-449D-9C32-6147494BE1AD}.Debug|Any CPU.ActiveCfg = Debug|Any CPU
		{BABD2DC3-D9A2-449D-9C32-6147494BE1AD}.Debug|Any CPU.Build.0 = Debug|Any CPU
		{BABD2DC3-D9A2-449D-9C32-6147494BE1AD}.Release|Any CPU.ActiveCfg = Release|Any CPU
		{BABD2DC3-D9A2-449D-9C32-6147494BE1AD}.Release|Any CPU.Build.0 = Release|Any CPU
		{2B56D319-5597-4FDC-8D6E-5EDD0DE9D39D}.Debug|Any CPU.ActiveCfg = Debug|Any CPU
		{2B56D319-5597-4FDC-8D6E-5EDD0DE9D39D}.Debug|Any CPU.Build.0 = Debug|Any CPU
		{2B56D319-5597-4FDC-8D6E-5EDD0DE9D39D}.Release|Any CPU.ActiveCfg = Release|Any CPU
		{2B56D319-5597-4FDC-8D6E-5EDD0DE9D39D}.Release|Any CPU.Build.0 = Release|Any CPU
		{1EBE2D8D-4868-4F1A-822F-25E8713C0CBE}.Debug|Any CPU.ActiveCfg = Debug|Any CPU
		{1EBE2D8D-4868-4F1A-822F-25E8713C0CBE}.Debug|Any CPU.Build.0 = Debug|Any CPU
		{1EBE2D8D-4868-4F1A-822F-25E8713C0CBE}.Release|Any CPU.ActiveCfg = Release|Any CPU
		{1EBE2D8D-4868-4F1A-822F-25E8713C0CBE}.Release|Any CPU.Build.0 = Release|Any CPU
		{5EBD363B-B1DE-4C39-A315-D0050A1CE9FF}.Debug|Any CPU.ActiveCfg = Debug|Any CPU
		{5EBD363B-B1DE-4C39-A315-D0050A1CE9FF}.Debug|Any CPU.Build.0 = Debug|Any CPU
		{5EBD363B-B1DE-4C39-A315-D0050A1CE9FF}.Release|Any CPU.ActiveCfg = Release|Any CPU
		{5EBD363B-B1DE-4C39-A315-D0050A1CE9FF}.Release|Any CPU.Build.0 = Release|Any CPU
		{1AB55E2A-09A0-40DC-AE78-98C256943A18}.Debug|Any CPU.ActiveCfg = Debug|Any CPU
		{1AB55E2A-09A0-40DC-AE78-98C256943A18}.Debug|Any CPU.Build.0 = Debug|Any CPU
		{1AB55E2A-09A0-40DC-AE78-98C256943A18}.Release|Any CPU.ActiveCfg = Release|Any CPU
		{1AB55E2A-09A0-40DC-AE78-98C256943A18}.Release|Any CPU.Build.0 = Release|Any CPU
		{619E01D3-28C5-4791-B787-F4CB18ADEE25}.Debug|Any CPU.ActiveCfg = Debug|Any CPU
		{619E01D3-28C5-4791-B787-F4CB18ADEE25}.Debug|Any CPU.Build.0 = Debug|Any CPU
		{619E01D3-28C5-4791-B787-F4CB18ADEE25}.Release|Any CPU.ActiveCfg = Release|Any CPU
		{619E01D3-28C5-4791-B787-F4CB18ADEE25}.Release|Any CPU.Build.0 = Release|Any CPU
		{028A45C0-66E5-4491-9DE0-1886A31E45AF}.Debug|Any CPU.ActiveCfg = Debug|Any CPU
		{028A45C0-66E5-4491-9DE0-1886A31E45AF}.Debug|Any CPU.Build.0 = Debug|Any CPU
		{028A45C0-66E5-4491-9DE0-1886A31E45AF}.Release|Any CPU.ActiveCfg = Release|Any CPU
		{028A45C0-66E5-4491-9DE0-1886A31E45AF}.Release|Any CPU.Build.0 = Release|Any CPU
		{F69B2745-CF62-4B88-A601-29B92E832341}.Debug|Any CPU.ActiveCfg = Debug|Any CPU
		{F69B2745-CF62-4B88-A601-29B92E832341}.Debug|Any CPU.Build.0 = Debug|Any CPU
		{F69B2745-CF62-4B88-A601-29B92E832341}.Release|Any CPU.ActiveCfg = Release|Any CPU
		{F69B2745-CF62-4B88-A601-29B92E832341}.Release|Any CPU.Build.0 = Release|Any CPU
		{B922C857-6598-4AD5-BF36-5C4F643A917A}.Debug|Any CPU.ActiveCfg = Debug|Any CPU
		{B922C857-6598-4AD5-BF36-5C4F643A917A}.Debug|Any CPU.Build.0 = Debug|Any CPU
		{B922C857-6598-4AD5-BF36-5C4F643A917A}.Release|Any CPU.ActiveCfg = Release|Any CPU
		{B922C857-6598-4AD5-BF36-5C4F643A917A}.Release|Any CPU.Build.0 = Release|Any CPU
		{9BB4FD90-C3CB-4131-B8AC-884CBAD7BDFA}.Debug|Any CPU.ActiveCfg = Debug|Any CPU
		{9BB4FD90-C3CB-4131-B8AC-884CBAD7BDFA}.Debug|Any CPU.Build.0 = Debug|Any CPU
		{9BB4FD90-C3CB-4131-B8AC-884CBAD7BDFA}.Release|Any CPU.ActiveCfg = Release|Any CPU
		{9BB4FD90-C3CB-4131-B8AC-884CBAD7BDFA}.Release|Any CPU.Build.0 = Release|Any CPU
		{F98319E3-BB56-481B-A588-5F2B8475DFD7}.Debug|Any CPU.ActiveCfg = Debug|Any CPU
		{F98319E3-BB56-481B-A588-5F2B8475DFD7}.Debug|Any CPU.Build.0 = Debug|Any CPU
		{F98319E3-BB56-481B-A588-5F2B8475DFD7}.Release|Any CPU.ActiveCfg = Release|Any CPU
		{F98319E3-BB56-481B-A588-5F2B8475DFD7}.Release|Any CPU.Build.0 = Release|Any CPU
		{ED4F8427-B93D-4D21-A97D-64FB0FC68C69}.Debug|Any CPU.ActiveCfg = Debug|Any CPU
		{ED4F8427-B93D-4D21-A97D-64FB0FC68C69}.Debug|Any CPU.Build.0 = Debug|Any CPU
		{ED4F8427-B93D-4D21-A97D-64FB0FC68C69}.Release|Any CPU.ActiveCfg = Release|Any CPU
		{ED4F8427-B93D-4D21-A97D-64FB0FC68C69}.Release|Any CPU.Build.0 = Release|Any CPU
		{FEFA14AC-00AF-47B5-8CF7-23FEDE005ABB}.Debug|Any CPU.ActiveCfg = Debug|Any CPU
		{FEFA14AC-00AF-47B5-8CF7-23FEDE005ABB}.Debug|Any CPU.Build.0 = Debug|Any CPU
		{FEFA14AC-00AF-47B5-8CF7-23FEDE005ABB}.Release|Any CPU.ActiveCfg = Release|Any CPU
		{FEFA14AC-00AF-47B5-8CF7-23FEDE005ABB}.Release|Any CPU.Build.0 = Release|Any CPU
		{CE93F703-E9D8-4760-805E-DBE404AC2F9C}.Debug|Any CPU.ActiveCfg = Debug|Any CPU
		{CE93F703-E9D8-4760-805E-DBE404AC2F9C}.Debug|Any CPU.Build.0 = Debug|Any CPU
		{CE93F703-E9D8-4760-805E-DBE404AC2F9C}.Release|Any CPU.ActiveCfg = Release|Any CPU
		{CE93F703-E9D8-4760-805E-DBE404AC2F9C}.Release|Any CPU.Build.0 = Release|Any CPU
		{30AC020F-C280-4ED2-9396-4BD22269AEB3}.Debug|Any CPU.ActiveCfg = Debug|Any CPU
		{30AC020F-C280-4ED2-9396-4BD22269AEB3}.Debug|Any CPU.Build.0 = Debug|Any CPU
		{30AC020F-C280-4ED2-9396-4BD22269AEB3}.Release|Any CPU.ActiveCfg = Release|Any CPU
		{30AC020F-C280-4ED2-9396-4BD22269AEB3}.Release|Any CPU.Build.0 = Release|Any CPU
	EndGlobalSection
EndGlobal
